
Microsoft Visual Studio Solution File, Format Version 12.00
# Visual Studio Version 17
VisualStudioVersion = 17.14.36310.24
MinimumVisualStudioVersion = 10.0.40219.1
Project("{FAE04EC0-301F-11D3-BF4B-00C04F79EFBC}") = "InsuranceAgent", "InsuranceAgent.csproj", "{2823EE4F-D653-4DA8-8F93-F6DA10534604}"
EndProject
Global
	GlobalSection(SolutionConfigurationPlatforms) = preSolution
		Debug|Any CPU = Debug|Any CPU
		Release|Any CPU = Release|Any CPU
	EndGlobalSection
	GlobalSection(ProjectConfigurationPlatforms) = postSolution
		{2823EE4F-D653-4DA8-8F93-F6DA10534604}.Debug|Any CPU.ActiveCfg = Debug|Any CPU
		{2823EE4F-D653-4DA8-8F93-F6DA10534604}.Debug|Any CPU.Build.0 = Debug|Any CPU
		{2823EE4F-D653-4DA8-8F93-F6DA10534604}.Release|Any CPU.ActiveCfg = Release|Any CPU
		{2823EE4F-D653-4DA8-8F93-F6DA10534604}.Release|Any CPU.Build.0 = Release|Any CPU
		{69FED05C-89C6-4B10-A36A-F5C1C6717DBE}.Debug|Any CPU.ActiveCfg = Debug|Any CPU
		{69FED05C-89C6-4B10-A36A-F5C1C6717DBE}.Debug|Any CPU.Build.0 = Debug|Any CPU
		{69FED05C-89C6-4B10-A36A-F5C1C6717DBE}.Debug|Any CPU.Deploy.0 = Debug|Any CPU
		{69FED05C-89C6-4B10-A36A-F5C1C6717DBE}.Release|Any CPU.ActiveCfg = Release|Any CPU
		{69FED05C-89C6-4B10-A36A-F5C1C6717DBE}.Release|Any CPU.Build.0 = Release|Any CPU
		{69FED05C-89C6-4B10-A36A-F5C1C6717DBE}.Release|Any CPU.Deploy.0 = Release|Any CPU
	EndGlobalSection
	GlobalSection(SolutionProperties) = preSolution
		HideSolutionNode = FALSE
	EndGlobalSection
	GlobalSection(ExtensibilityGlobals) = postSolution
		SolutionGuid = {CBDA066F-7D4B-49BE-80D2-11AB8706CF3C}
	EndGlobalSection
EndGlobal
